{
    "_readme": [
        "This file locks the dependencies of your project to a known state",
        "Read more about it at https://getcomposer.org/doc/01-basic-usage.md#installing-dependencies",
        "This file is @generated automatically"
    ],
    "content-hash": "1d96802e8d77ade70d82591809b722d6",
    "packages": [],
    "packages-dev": [
        {
            "name": "laravel/pint",
            "version": "v1.13.9",
            "source": {
                "type": "git",
                "url": "https://github.com/laravel/pint.git",
                "reference": "e3e269cc5d874c8efd2dc7962b1c7ff2585fe525"
            },
            "dist": {
                "type": "zip",
                "url": "https://api.github.com/repos/laravel/pint/zipball/e3e269cc5d874c8efd2dc7962b1c7ff2585fe525",
                "reference": "e3e269cc5d874c8efd2dc7962b1c7ff2585fe525",
                "shasum": ""
            },
            "require": {
                "ext-json": "*",
                "ext-mbstring": "*",
                "ext-tokenizer": "*",
                "ext-xml": "*",
                "php": "^8.1.0"
            },
            "require-dev": {
                "friendsofphp/php-cs-fixer": "^3.47.0",
                "illuminate/view": "^10.40.0",
                "larastan/larastan": "^2.8.1",
                "laravel-zero/framework": "^10.3.0",
                "mockery/mockery": "^1.6.7",
                "nunomaduro/termwind": "^1.15.1",
                "pestphp/pest": "^2.31.0"
            },
            "bin": [
                "builds/pint"
            ],
            "type": "project",
            "autoload": {
                "psr-4": {
                    "App\\": "app/",
                    "Database\\Seeders\\": "database/seeders/",
                    "Database\\Factories\\": "database/factories/"
                }
            },
            "notification-url": "https://packagist.org/downloads/",
            "license": [
                "MIT"
            ],
            "authors": [
                {
                    "name": "Nuno Maduro",
                    "email": "enunomaduro@gmail.com"
                }
            ],
            "description": "An opinionated code formatter for PHP.",
            "homepage": "https://laravel.com",
            "keywords": [
                "format",
                "formatter",
                "lint",
                "linter",
                "php"
            ],
            "support": {
                "issues": "https://github.com/laravel/pint/issues",
                "source": "https://github.com/laravel/pint"
            },
            "time": "2024-01-16T17:39:29+00:00"
        }
    ],
    "aliases": [],
    "minimum-stability": "stable",
    "stability-flags": [],
    "prefer-stable": false,
    "prefer-lowest": false,
    "platform": {
        "php": ">=8.1"
    },
    "platform-dev": [],
    "plugin-api-version": "2.6.0"
}
